// !$*UTF8*$!
{
	archiveVersion = 1;
	classes = {
	};
	objectVersion = 46;
	objects = {

/* Begin PBXBuildFile section */
		4D86AEA11CDEBBD7008F225A /* AppDelegate.swift in Sources */ = {isa = PBXBuildFile; fileRef = 4D86AEA01CDEBBD7008F225A /* AppDelegate.swift */; };
		4D86AEA31CDEBBD7008F225A /* ViewController.swift in Sources */ = {isa = PBXBuildFile; fileRef = 4D86AEA21CDEBBD7008F225A /* ViewController.swift */; };
		4D86AEA61CDEBBD7008F225A /* Main.storyboard in Resources */ = {isa = PBXBuildFile; fileRef = 4D86AEA41CDEBBD7008F225A /* Main.storyboard */; };
		4D86AEA81CDEBBD7008F225A /* Assets.xcassets in Resources */ = {isa = PBXBuildFile; fileRef = 4D86AEA71CDEBBD7008F225A /* Assets.xcassets */; };
		4D86AEAB1CDEBBD7008F225A /* LaunchScreen.storyboard in Resources */ = {isa = PBXBuildFile; fileRef = 4D86AEA91CDEBBD7008F225A /* LaunchScreen.storyboard */; };
/* End PBXBuildFile section */

/* Begin PBXFileReference section */
		4D86AE9D1CDEBBD7008F225A /* TheWalkingScrollView.app */ = {isa = PBXFileReference; explicitFileType = wrapper.application; includeInIndex = 0; path = TheWalkingScrollView.app; sourceTree = BUILT_PRODUCTS_DIR; };
		4D86AEA01CDEBBD7008F225A /* AppDelegate.swift */ = {isa = PBXFileReference; lastKnownFileType = sourcecode.swift; path = AppDelegate.swift; sourceTree = "<group>"; };
		4D86AEA21CDEBBD7008F225A /* ViewController.swift */ = {isa = PBXFileReference; lastKnownFileType = sourcecode.swift; path = ViewController.swift; sourceTree = "<group>"; };
		4D86AEA51CDEBBD7008F225A /* Base */ = {isa = PBXFileReference; lastKnownFileType = file.storyboard; name = Base; path = Base.lproj/Main.storyboard; sourceTree = "<group>"; };
		4D86AEA71CDEBBD7008F225A /* Assets.xcassets */ = {isa = PBXFileReference; lastKnownFileType = folder.assetcatalog; path = Assets.xcassets; sourceTree = "<group>"; };
		4D86AEAA1CDEBBD7008F225A /* Base */ = {isa = PBXFileReference; lastKnownFileType = file.storyboard; name = Base; path = Base.lproj/LaunchScreen.storyboard; sourceTree = "<group>"; };
		4D86AEAC1CDEBBD7008F225A /* Info.plist */ = {isa = PBXFileReference; lastKnownFileType = text.plist.xml; path = Info.plist; sourceTree = "<group>"; };
/* End PBXFileReference section */

/* Begin PBXFrameworksBuildPhase section */
		4D86AE9A1CDEBBD7008F225A /* Frameworks */ = {
			isa = PBXFrameworksBuildPhase;
			buildActionMask = 2147483647;
			files = (
			);
			runOnlyForDeploymentPostprocessing = 0;
		};
/* End PBXFrameworksBuildPhase section */

/* Begin PBXGroup section */
		4D86AE941CDEBBD6008F225A = {
			isa = PBXGroup;
			children = (
				4D86AE9F1CDEBBD7008F225A /* TheWalkingScrollView */,
				4D86AE9E1CDEBBD7008F225A /* Products */,
			);
			sourceTree = "<group>";
		};
		4D86AE9E1CDEBBD7008F225A /* Products */ = {
			isa = PBXGroup;
			children = (
				4D86AE9D1CDEBBD7008F225A /* TheWalkingScrollView.app */,
			);
			name = Products;
			sourceTree = "<group>";
		};
		4D86AE9F1CDEBBD7008F225A /* TheWalkingScrollView */ = {
			isa = PBXGroup;
			children = (
				4D86AEA01CDEBBD7008F225A /* AppDelegate.swift */,
				4D86AEA21CDEBBD7008F225A /* ViewController.swift */,
				4D86AEA41CDEBBD7008F225A /* Main.storyboard */,
				4D86AEA71CDEBBD7008F225A /* Assets.xcassets */,
				4D86AEA91CDEBBD7008F225A /* LaunchScreen.storyboard */,
				4D86AEAC1CDEBBD7008F225A /* Info.plist */,
			);
			path = TheWalkingScrollView;
			sourceTree = "<group>";
		};
/* End PBXGroup section */

/* Begin PBXNativeTarget section */
		4D86AE9C1CDEBBD7008F225A /* TheWalkingScrollView */ = {
			isa = PBXNativeTarget;
			buildConfigurationList = 4D86AEAF1CDEBBD7008F225A /* Build configuration list for PBXNativeTarget "TheWalkingScrollView" */;
			buildPhases = (
				4D86AE991CDEBBD7008F225A /* Sources */,
				4D86AE9A1CDEBBD7008F225A /* Frameworks */,
				4D86AE9B1CDEBBD7008F225A /* Resources */,
			);
			buildRules = (
			);
			dependencies = (
			);
			name = TheWalkingScrollView;
			productName = TheWalkingScrollView;
			productReference = 4D86AE9D1CDEBBD7008F225A /* TheWalkingScrollView.app */;
			productType = "com.apple.product-type.application";
		};
/* End PBXNativeTarget section */

/* Begin PBXProject section */
		4D86AE951CDEBBD6008F225A /* Project object */ = {
			isa = PBXProject;
			attributes = {
				LastSwiftUpdateCheck = 0730;
				LastUpgradeCheck = 0730;
				ORGANIZATIONNAME = "Mark Phillips";
				TargetAttributes = {
					4D86AE9C1CDEBBD7008F225A = {
						CreatedOnToolsVersion = 7.3.1;
						DevelopmentTeam = U86B8QH44A;
					};
				};
			};
			buildConfigurationList = 4D86AE981CDEBBD6008F225A /* Build configuration list for PBXProject "TheWalkingScrollView" */;
			compatibilityVersion = "Xcode 3.2";
			developmentRegion = English;
			hasScannedForEncodings = 0;
			knownRegions = (
				en,
				Base,
			);
			mainGroup = 4D86AE941CDEBBD6008F225A;
			productRefGroup = 4D86AE9E1CDEBBD7008F225A /* Products */;
			projectDirPath = "";
			projectRoot = "";
			targets = (
				4D86AE9C1CDEBBD7008F225A /* TheWalkingScrollView */,
			);
		};
/* End PBXProject section */

/* Begin PBXResourcesBuildPhase section */
		4D86AE9B1CDEBBD7008F225A /* Resources */ = {
			isa = PBXResourcesBuildPhase;
			buildActionMask = 2147483647;
			files = (
				4D86AEAB1CDEBBD7008F225A /* LaunchScreen.storyboard in Resources */,
				4D86AEA81CDEBBD7008F225A /* Assets.xcassets in Resources */,
				4D86AEA61CDEBBD7008F225A /* Main.storyboard in Resources */,
			);
			runOnlyForDeploymentPostprocessing = 0;
		};
/* End PBXResourcesBuildPhase section */

/* Begin PBXSourcesBuildPhase section */
		4D86AE991CDEBBD7008F225A /* Sources */ = {
			isa = PBXSourcesBuildPhase;
			buildActionMask = 2147483647;
			files = (
				4D86AEA31CDEBBD7008F225A /* ViewController.swift in Sources */,
				4D86AEA11CDEBBD7008F225A /* AppDelegate.swift in Sources */,
			);
			runOnlyForDeploymentPostprocessing = 0;
		};
/* End PBXSourcesBuildPhase section */

/* Begin PBXVariantGroup section */
		4D86AEA41CDEBBD7008F225A /* Main.storyboard */ = {
			isa = PBXVariantGroup;
			children = (
				4D86AEA51CDEBBD7008F225A /* Base */,
			);
			name = Main.storyboard;
			sourceTree = "<group>";
		};
		4D86AEA91CDEBBD7008F225A /* LaunchScreen.storyboard */ = {
			isa = PBXVariantGroup;
			children = (
				4D86AEAA1CDEBBD7008F225A /* Base */,
			);
			name = LaunchScreen.storyboard;
			sourceTree = "<group>";
		};
/* End PBXVariantGroup section */

/* Begin XCBuildConfiguration section */
		4D86AEAD1CDEBBD7008F225A /* Debug */ = {
			isa = XCBuildConfiguration;
			buildSettings = {
				ALWAYS_SEARCH_USER_PATHS = NO;
				CLANG_ANALYZER_NONNULL = YES;
				CLANG_CXX_LANGUAGE_STANDARD = "gnu++0x";
				CLANG_CXX_LIBRARY = "libc++";
				CLANG_ENABLE_MODULES = YES;
				CLANG_ENABLE_OBJC_ARC = YES;
				CLANG_WARN_BOOL_CONVERSION = YES;
				CLANG_WARN_CONSTANT_CONVERSION = YES;
				CLANG_WARN_DIRECT_OBJC_ISA_USAGE = YES_ERROR;
				CLANG_WARN_EMPTY_BODY = YES;
				CLANG_WARN_ENUM_CONVERSION = YES;
				CLANG_WARN_INT_CONVERSION = YES;
				CLANG_WARN_OBJC_ROOT_CLASS = YES_ERROR;
				CLANG_WARN_UNREACHABLE_CODE = YES;
				CLANG_WARN__DUPLICATE_METHOD_MATCH = YES;
				"CODE_SIGN_IDENTITY[sdk=iphoneos*]" = "iPhone Developer";
				COPY_PHASE_STRIP = NO;
				DEBUG_INFORMATION_FORMAT = dwarf;
				ENABLE_STRICT_OBJC_MSGSEND = YES;
				ENABLE_TESTABILITY = YES;
				GCC_C_LANGUAGE_STANDARD = gnu99;
				GCC_DYNAMIC_NO_PIC = NO;
				GCC_NO_COMMON_BLOCKS = YES;
				GCC_OPTIMIZATION_LEVEL = 0;
				GCC_PREPROCESSOR_DEFINITIONS = (
					"DEBUG=1",
					"$(inherited)",
				);
				GCC_WARN_64_TO_32_BIT_CONVERSION = YES;
				GCC_WARN_ABOUT_RETURN_TYPE = YES_ERROR;
				GCC_WARN_UNDECLARED_SELECTOR = YES;
				GCC_WARN_UNINITIALIZED_AUTOS = YES_AGGRESSIVE;
				GCC_WARN_UNUSED_FUNCTION = YES;
				GCC_WARN_UNUSED_VARIABLE = YES;
				IPHONEOS_DEPLOYMENT_TARGET = 9.3;
				MTL_ENABLE_DEBUG_INFO = YES;
				ONLY_ACTIVE_ARCH = YES;
				SDKROOT = iphoneos;
				SWIFT_OPTIMIZATION_LEVEL = "-Onone";
				TARGETED_DEVICE_FAMILY = "1,2";
			};
			name = Debug;
		};
		4D86AEAE1CDEBBD7008F225A /* Release */ = {
			isa = XCBuildConfiguration;
			buildSettings = {
				ALWAYS_SEARCH_USER_PATHS = NO;
				CLANG_ANALYZER_NONNULL = YES;
				CLANG_CXX_LANGUAGE_STANDARD = "gnu++0x";
				CLANG_CXX_LIBRARY = "libc++";
				CLANG_ENABLE_MODULES = YES;
				CLANG_ENABLE_OBJC_ARC = YES;
				CLANG_WARN_BOOL_CONVERSION = YES;
				CLANG_WARN_CONSTANT_CONVERSION = YES;
				CLANG_WARN_DIRECT_OBJC_ISA_USAGE = YES_ERROR;
				CLANG_WARN_EMPTY_BODY = YES;
				CLANG_WARN_ENUM_CONVERSION = YES;
				CLANG_WARN_INT_CONVERSION = YES;
				CLANG_WARN_OBJC_ROOT_CLASS = YES_ERROR;
				CLANG_WARN_UNREACHABLE_CODE = YES;
				CLANG_WARN__DUPLICATE_METHOD_MATCH = YES;
				"CODE_SIGN_IDENTITY[sdk=iphoneos*]" = "iPhone Developer";
				COPY_PHASE_STRIP = NO;
				DEBUG_INFORMATION_FORMAT = "dwarf-with-dsym";
				ENABLE_NS_ASSERTIONS = NO;
				ENABLE_STRICT_OBJC_MSGSEND = YES;
				GCC_C_LANGUAGE_STANDARD = gnu99;
				GCC_NO_COMMON_BLOCKS = YES;
				GCC_WARN_64_TO_32_BIT_CONVERSION = YES;
				GCC_WARN_ABOUT_RETURN_TYPE = YES_ERROR;
				GCC_WARN_UNDECLARED_SELECTOR = YES;
				GCC_WARN_UNINITIALIZED_AUTOS = YES_AGGRESSIVE;
				GCC_WARN_UNUSED_FUNCTION = YES;
				GCC_WARN_UNUSED_VARIABLE = YES;
				IPHONEOS_DEPLOYMENT_TARGET = 9.3;
				MTL_ENABLE_DEBUG_INFO = NO;
				SDKROOT = iphoneos;
				TARGETED_DEVICE_FAMILY = "1,2";
				VALIDATE_PRODUCT = YES;
			};
			name = Release;
		};
		4D86AEB01CDEBBD7008F225A /* Debug */ = {
			isa = XCBuildConfiguration;
			buildSettings = {
				ASSETCATALOG_COMPILER_APPICON_NAME = AppIcon;
				INFOPLIST_FILE = TheWalkingScrollView/Info.plist;
				LD_RUNPATH_SEARCH_PATHS = "$(inherited) @executable_path/Frameworks";
				PRODUCT_BUNDLE_IDENTIFIER = com.jeenyus.TheWalkingScrollView;
				PRODUCT_NAME = "$(TARGET_NAME)";
			};
			name = Debug;
		};
		4D86AEB11CDEBBD7008F225A /* Release */ = {
			isa = XCBuildConfiguration;
			buildSettings = {
				ASSETCATALOG_COMPILER_APPICON_NAME = AppIcon;
				INFOPLIST_FILE = TheWalkingScrollView/Info.plist;
				LD_RUNPATH_SEARCH_PATHS = "$(inherited) @executable_path/Frameworks";
				PRODUCT_BUNDLE_IDENTIFIER = com.jeenyus.TheWalkingScrollView;
				PRODUCT_NAME = "$(TARGET_NAME)";
			};
			name = Release;
		};
/* End XCBuildConfiguration section */

/* Begin XCConfigurationList section */
		4D86AE981CDEBBD6008F225A /* Build configuration list for PBXProject "TheWalkingScrollView" */ = {
			isa = XCConfigurationList;
			buildConfigurations = (
				4D86AEAD1CDEBBD7008F225A /* Debug */,
				4D86AEAE1CDEBBD7008F225A /* Release */,
			);
			defaultConfigurationIsVisible = 0;
			defaultConfigurationName = Release;
		};
		4D86AEAF1CDEBBD7008F225A /* Build configuration list for PBXNativeTarget "TheWalkingScrollView" */ = {
			isa = XCConfigurationList;
			buildConfigurations = (
				4D86AEB01CDEBBD7008F225A /* Debug */,
				4D86AEB11CDEBBD7008F225A /* Release */,
			);
			defaultConfigurationIsVisible = 0;
		};
/* End XCConfigurationList section */
	};
	rootObject = 4D86AE951CDEBBD6008F225A /* Project object */;
}
